
Microsoft Visual Studio Solution File, Format Version 12.00
# Visual Studio Version 17
VisualStudioVersion = 17.9.34607.119
MinimumVisualStudioVersion = 10.0.40219.1
Project("{FAE04EC0-301F-11D3-BF4B-00C04F79EFBC}") = "TempratureConverter.cs", "TempratureConverter.cs.csproj", "{558D857B-A080-4E31-B788-245D205D03C4}"
EndProject
Global
	GlobalSection(SolutionConfigurationPlatforms) = preSolution
		Debug|Any CPU = Debug|Any CPU
		Release|Any CPU = Release|Any CPU
	EndGlobalSection
	GlobalSection(ProjectConfigurationPlatforms) = postSolution
		{558D857B-A080-4E31-B788-245D205D03C4}.Debug|Any CPU.ActiveCfg = Debug|Any CPU
		{558D857B-A080-4E31-B788-245D205D03C4}.Debug|Any CPU.Build.0 = Debug|Any CPU
		{558D857B-A080-4E31-B788-245D205D03C4}.Release|Any CPU.ActiveCfg = Release|Any CPU
		{558D857B-A080-4E31-B788-245D205D03C4}.Release|Any CPU.Build.0 = Release|Any CPU
	EndGlobalSection
	GlobalSection(SolutionProperties) = preSolution
		HideSolutionNode = FALSE
	EndGlobalSection
	GlobalSection(ExtensibilityGlobals) = postSolution
		SolutionGuid = {A04658B1-A61C-4D3C-9E3C-9537C934A194}
	EndGlobalSection
EndGlobal
